<?xml version="1.0" encoding="utf-8"?>
<Project ToolsVersion="4.0" xmlns="http://schemas.microsoft.com/developer/msbuild/2003">
  <ItemGroup>
    <Filter Include="Source Files">
      <UniqueIdentifier>{4FC737F1-C7A5-4376-A066-2A32D752A2FF}</UniqueIdentifier>
      <Extensions>cpp;c;cc;cxx;def;odl;idl;hpj;bat;asm;asmx</Extensions>
    </Filter>
    <Filter Include="Header Files">
      <UniqueIdentifier>{93995380-89BD-4b04-88EB-625FBE52EBFB}</UniqueIdentifier>
      <Extensions>h;hh;hpp;hxx;hm;inl;inc;xsd</Extensions>
    </Filter>
    <Filter Include="Resource Files">
      <UniqueIdentifier>{67DA6AB6-F800-4c08-8B7A-83BB121AAD01}</UniqueIdentifier>
      <Extensions>rc;ico;cur;bmp;dlg;rc2;rct;bin;rgs;gif;jpg;jpeg;jpe;resx;tiff;tif;png;wav;mfcribbon-ms</Extensions>
    </Filter>
    <Filter Include="Source Files\Model">
      <UniqueIdentifier>{63de6f4a-5500-4222-b6f1-22235760aab8}</UniqueIdentifier>
    </Filter>
    <Filter Include="Resource Files\minimization">
      <UniqueIdentifier>{3f0a1288-69b2-482e-bc83-f46cfde439d2}</UniqueIdentifier>
    </Filter>
    <Filter Include="Resource Files\examples">
      <UniqueIdentifier>{cc96bf25-4fb6-4593-818d-80e036973b10}</UniqueIdentifier>
    </Filter>
    <Filter Include="Resource Files\sequences">
      <UniqueIdentifier>{419d3171-2caf-4742-b050-47a84eb8165f}</UniqueIdentifier>
    </Filter>
    <Filter Include="Source Files\Sequences">
      <UniqueIdentifier>{dd9d32e6-71ae-4192-a3f7-84fee67018c0}</UniqueIdentifier>
    </Filter>
    <Filter Include="Source Files\Testing">
      <UniqueIdentifier>{b4082bf1-be64-4e73-b4d0-76198b38767e}</UniqueIdentifier>
    </Filter>
  </ItemGroup>
  <ItemGroup>
    <ClInclude Include="stdafx.h">
      <Filter>Header Files</Filter>
    </ClInclude>
    <ClInclude Include="targetver.h">
      <Filter>Header Files</Filter>
    </ClInclude>
    <ClInclude Include="TestUtils.h">
      <Filter>Header Files</Filter>
    </ClInclude>
  </ItemGroup>
  <ItemGroup>
    <ClCompile Include="stdafx.cpp">
      <Filter>Source Files</Filter>
    </ClCompile>
    <ClCompile Include="Model\IOtests.cpp">
      <Filter>Source Files\Model</Filter>
    </ClCompile>
    <ClCompile Include="Model\BasicOpsTests.cpp">
      <Filter>Source Files\Model</Filter>
    </ClCompile>
    <ClCompile Include="TestUtils.cpp">
      <Filter>Source Files</Filter>
    </ClCompile>
    <ClCompile Include="Model\MinimizationTests.cpp">
      <Filter>Source Files\Model</Filter>
    </ClCompile>
    <ClCompile Include="Model\GenerateTests.cpp">
      <Filter>Source Files\Model</Filter>
    </ClCompile>
    <ClCompile Include="Model\UtilsTests.cpp">
      <Filter>Source Files\Model</Filter>
    </ClCompile>
    <ClCompile Include="Sequences\CoverTests.cpp">
      <Filter>Source Files\Sequences</Filter>
    </ClCompile>
    <ClCompile Include="Sequences\PDS.cpp">
      <Filter>Source Files\Sequences</Filter>
    </ClCompile>
    <ClCompile Include="Sequences\ADS.cpp">
      <Filter>Source Files\Sequences</Filter>
    </ClCompile>
    <ClCompile Include="Sequences\SVS.cpp">
      <Filter>Source Files\Sequences</Filter>
    </ClCompile>
    <ClCompile Include="Sequences\SS.cpp">
      <Filter>Source Files\Sequences</Filter>
    </ClCompile>
    <ClCompile Include="Sequences\HS.cpp">
      <Filter>Source Files\Sequences</Filter>
    </ClCompile>
    <ClCompile Include="PrefixSetTests.cpp">
      <Filter>Source Files</Filter>
    </ClCompile>
    <ClCompile Include="Sequences\SCSet.cpp">
      <Filter>Source Files\Sequences</Filter>
    </ClCompile>
    <ClCompile Include="Sequences\DS.cpp">
      <Filter>Source Files\Sequences</Filter>
    </ClCompile>
    <ClCompile Include="Testing\PDS-methodTests.cpp">
      <Filter>Source Files\Testing</Filter>
    </ClCompile>
    <ClCompile Include="Testing\ADS-methodTests.cpp">
      <Filter>Source Files\Testing</Filter>
    </ClCompile>
    <ClCompile Include="Testing\SVS-methodTests.cpp">
      <Filter>Source Files\Testing</Filter>
    </ClCompile>
    <ClCompile Include="Testing\W-methodTests.cpp">
      <Filter>Source Files\Testing</Filter>
    </ClCompile>
    <ClCompile Include="Testing\Wp-methodTests.cpp">
      <Filter>Source Files\Testing</Filter>
    </ClCompile>
    <ClCompile Include="Testing\HSI-methodTests.cpp">
      <Filter>Source Files\Testing</Filter>
    </ClCompile>
    <ClCompile Include="Testing\H-methodTests.cpp">
      <Filter>Source Files\Testing</Filter>
    </ClCompile>
    <ClCompile Include="Testing\SPY-methodTests.cpp">
      <Filter>Source Files\Testing</Filter>
    </ClCompile>
    <ClCompile Include="Testing\TS_comp.cpp">
      <Filter>Source Files\Testing</Filter>
    </ClCompile>
    <ClCompile Include="Testing\C-methodTests.cpp">
      <Filter>Source Files\Testing</Filter>
    </ClCompile>
    <ClCompile Include="Testing\Ma-methodTests.cpp">
      <Filter>Source Files\Testing</Filter>
    </ClCompile>
  </ItemGroup>
  <ItemGroup>
    <Text Include="ReadMe.txt" />
  </ItemGroup>
  <ItemGroup>
    <None Include="..\data\tests\minimization\DFA_R4.fsm">
      <Filter>Resource Files\minimization</Filter>
    </None>
    <None Include="..\data\tests\minimization\DFA_R4_BP.fsm">
      <Filter>Resource Files\minimization</Filter>
    </None>
    <None Include="..\data\tests\minimization\DFA_R4_P.fsm">
      <Filter>Resource Files\minimization</Filter>
    </None>
    <None Include="..\data\tests\minimization\DFA_U7.fsm">
      <Filter>Resource Files\minimization</Filter>
    </None>
    <None Include="..\data\tests\minimization\DFSM_R4.fsm">
      <Filter>Resource Files\minimization</Filter>
    </None>
    <None Include="..\data\tests\minimization\DFSM_R4_BP.fsm">
      <Filter>Resource Files\minimization</Filter>
    </None>
    <None Include="..\data\tests\minimization\DFSM_R4_P.fsm">
      <Filter>Resource Files\minimization</Filter>
    </None>
    <None Include="..\data\tests\minimization\DFSM_U7.fsm">
      <Filter>Resource Files\minimization</Filter>
    </None>
    <None Include="..\data\tests\minimization\Mealy_R4.fsm">
      <Filter>Resource Files\minimization</Filter>
    </None>
    <None Include="..\data\tests\minimization\Mealy_R4_BP.fsm">
      <Filter>Resource Files\minimization</Filter>
    </None>
    <None Include="..\data\tests\minimization\Mealy_R4_P.fsm">
      <Filter>Resource Files\minimization</Filter>
    </None>
    <None Include="..\data\tests\minimization\Mealy_U7.fsm">
      <Filter>Resource Files\minimization</Filter>
    </None>
    <None Include="..\data\tests\minimization\Moore_R4.fsm">
      <Filter>Resource Files\minimization</Filter>
    </None>
    <None Include="..\data\tests\minimization\Moore_R4_BP.fsm">
      <Filter>Resource Files\minimization</Filter>
    </None>
    <None Include="..\data\tests\minimization\Moore_R4_P.fsm">
      <Filter>Resource Files\minimization</Filter>
    </None>
    <None Include="..\data\tests\minimization\Moore_U7.fsm">
      <Filter>Resource Files\minimization</Filter>
    </None>
    <None Include="..\data\examples\DFA_R4_ADS.fsm">
      <Filter>Resource Files\examples</Filter>
    </None>
    <None Include="..\data\examples\DFA_R4_HS.fsm">
      <Filter>Resource Files\examples</Filter>
    </None>
    <None Include="..\data\examples\DFA_R4_PDS.fsm">
      <Filter>Resource Files\examples</Filter>
    </None>
    <None Include="..\data\examples\DFA_R4_SCSet.fsm">
      <Filter>Resource Files\examples</Filter>
    </None>
    <None Include="..\data\examples\DFA_R4_SS.fsm">
      <Filter>Resource Files\examples</Filter>
    </None>
    <None Include="..\data\examples\DFA_R5_SVS.fsm">
      <Filter>Resource Files\examples</Filter>
    </None>
    <None Include="..\data\examples\Mealy_R4_ADS.fsm">
      <Filter>Resource Files\examples</Filter>
    </None>
    <None Include="..\data\examples\Mealy_R4_HS.fsm">
      <Filter>Resource Files\examples</Filter>
    </None>
    <None Include="..\data\examples\Mealy_R4_PDS.fsm">
      <Filter>Resource Files\examples</Filter>
    </None>
    <None Include="..\data\examples\Mealy_R4_SCSet.fsm">
      <Filter>Resource Files\examples</Filter>
    </None>
    <None Include="..\data\examples\Mealy_R4_SS.fsm">
      <Filter>Resource Files\examples</Filter>
    </None>
    <None Include="..\data\examples\Mealy_R4_SVS.fsm">
      <Filter>Resource Files\examples</Filter>
    </None>
    <None Include="..\data\examples\Mealy_R4_Zhu1993.fsm">
      <Filter>Resource Files\examples</Filter>
    </None>
    <None Include="..\data\examples\Moore_R4_ADS.fsm">
      <Filter>Resource Files\examples</Filter>
    </None>
    <None Include="..\data\examples\Moore_R4_HS.fsm">
      <Filter>Resource Files\examples</Filter>
    </None>
    <None Include="..\data\examples\Moore_R4_PDS.fsm">
      <Filter>Resource Files\examples</Filter>
    </None>
    <None Include="..\data\examples\Moore_R4_SCSet.fsm">
      <Filter>Resource Files\examples</Filter>
    </None>
    <None Include="..\data\examples\Moore_R4_SS.fsm">
      <Filter>Resource Files\examples</Filter>
    </None>
    <None Include="..\data\examples\Moore_R5_SVS.fsm">
      <Filter>Resource Files\examples</Filter>
    </None>
    <None Include="..\data\tests\sequences\DFA_R4_HS.fsm">
      <Filter>Resource Files\sequences</Filter>
    </None>
    <None Include="..\data\tests\sequences\DFA_R4_PDS.fsm">
      <Filter>Resource Files\sequences</Filter>
    </None>
    <None Include="..\data\tests\sequences\DFA_R4_SS.fsm">
      <Filter>Resource Files\sequences</Filter>
    </None>
    <None Include="..\data\tests\sequences\DFA_R6_ADS.fsm">
      <Filter>Resource Files\sequences</Filter>
    </None>
    <None Include="..\data\tests\sequences\DFA_R10_PDS.fsm">
      <Filter>Resource Files\sequences</Filter>
    </None>
    <None Include="..\data\tests\sequences\DFA_R100_PDS_l99.fsm">
      <Filter>Resource Files\sequences</Filter>
    </None>
    <None Include="..\data\tests\sequences\Mealy_R4_HS.fsm">
      <Filter>Resource Files\sequences</Filter>
    </None>
    <None Include="..\data\tests\sequences\Mealy_R4_PDS.fsm">
      <Filter>Resource Files\sequences</Filter>
    </None>
    <None Include="..\data\tests\sequences\Mealy_R4_SS.fsm">
      <Filter>Resource Files\sequences</Filter>
    </None>
    <None Include="..\data\tests\sequences\Mealy_R6_ADS.fsm">
      <Filter>Resource Files\sequences</Filter>
    </None>
    <None Include="..\data\tests\sequences\Mealy_R10_PDS.fsm">
      <Filter>Resource Files\sequences</Filter>
    </None>
    <None Include="..\data\tests\sequences\Mealy_R100.fsm">
      <Filter>Resource Files\sequences</Filter>
    </None>
    <None Include="..\data\tests\sequences\Mealy_R100_1.fsm">
      <Filter>Resource Files\sequences</Filter>
    </None>
    <None Include="..\data\tests\sequences\Mealy_R100_PDS_l99.fsm">
      <Filter>Resource Files\sequences</Filter>
    </None>
    <None Include="..\data\tests\sequences\Moore_R4_HS.fsm">
      <Filter>Resource Files\sequences</Filter>
    </None>
    <None Include="..\data\tests\sequences\Moore_R4_PDS.fsm">
      <Filter>Resource Files\sequences</Filter>
    </None>
    <None Include="..\data\tests\sequences\Moore_R4_SS.fsm">
      <Filter>Resource Files\sequences</Filter>
    </None>
    <None Include="..\data\tests\sequences\Moore_R6_ADS.fsm">
      <Filter>Resource Files\sequences</Filter>
    </None>
    <None Include="..\data\tests\sequences\Moore_R10_PDS.fsm">
      <Filter>Resource Files\sequences</Filter>
    </None>
    <None Include="..\data\tests\sequences\Moore_R10_PDS_E.fsm">
      <Filter>Resource Files\sequences</Filter>
    </None>
    <None Include="..\data\tests\sequences\Moore_R100.fsm">
      <Filter>Resource Files\sequences</Filter>
    </None>
    <None Include="..\data\tests\sequences\Moore_R100_PDS.fsm">
      <Filter>Resource Files\sequences</Filter>
    </None>
    <None Include="..\data\tests\sequences\Moore_R100_PDS_l99.fsm">
      <Filter>Resource Files\sequences</Filter>
    </None>
    <None Include="FSMlibTest.runsettings" />
    <None Include="..\data\examples\DFSM_R4_SCSet.fsm">
      <Filter>Resource Files\examples</Filter>
    </None>
    <None Include="..\data\examples\DFSM_R5_SVS.fsm">
      <Filter>Resource Files\examples</Filter>
    </None>
    <None Include="..\data\examples\DFSM_R4_ADS.fsm">
      <Filter>Resource Files\examples</Filter>
    </None>
    <None Include="..\data\examples\DFSM_R5_PDS.fsm">
      <Filter>Resource Files\examples</Filter>
    </None>
  </ItemGroup>
</Project>